
Microsoft Visual Studio Solution File, Format Version 12.00
# Visual Studio 15
VisualStudioVersion = 15.0.28307.852
MinimumVisualStudioVersion = 10.0.40219.1
Project("{FAE04EC0-301F-11D3-BF4B-00C04F79EFBC}") = "FanuoutConsumer", "FanuoutConsumer\FanuoutConsumer.csproj", "{C42B496E-6777-4752-89BA-777B79B4393E}"
EndProject
Global
	GlobalSection(SolutionConfigurationPlatforms) = preSolution
		Debug|Any CPU = Debug|Any CPU
		Release|Any CPU = Release|Any CPU
	EndGlobalSection
	GlobalSection(ProjectConfigurationPlatforms) = postSolution
		{C42B496E-6777-4752-89BA-777B79B4393E}.Debug|Any CPU.ActiveCfg = Debug|Any CPU
		{C42B496E-6777-4752-89BA-777B79B4393E}.Debug|Any CPU.Build.0 = Debug|Any CPU
		{C42B496E-6777-4752-89BA-777B79B4393E}.Release|Any CPU.ActiveCfg = Release|Any CPU
		{C42B496E-6777-4752-89BA-777B79B4393E}.Release|Any CPU.Build.0 = Release|Any CPU
	EndGlobalSection
	GlobalSection(SolutionProperties) = preSolution
		HideSolutionNode = FALSE
	EndGlobalSection
	GlobalSection(ExtensibilityGlobals) = postSolution
		SolutionGuid = {DA815AEC-E421-45A9-957D-4C92B3D2ED3D}
	EndGlobalSection
EndGlobal
