
Microsoft Visual Studio Solution File, Format Version 12.00
# Visual Studio 15
VisualStudioVersion = 15.0.28307.852
MinimumVisualStudioVersion = 10.0.40219.1
Project("{FAE04EC0-301F-11D3-BF4B-00C04F79EFBC}") = "DirectPublisher", "DirectPublisher\DirectPublisher.csproj", "{38CAD6DC-0A17-4AEC-A2D4-04C981A9C2B3}"
EndProject
Global
	GlobalSection(SolutionConfigurationPlatforms) = preSolution
		Debug|Any CPU = Debug|Any CPU
		Release|Any CPU = Release|Any CPU
	EndGlobalSection
	GlobalSection(ProjectConfigurationPlatforms) = postSolution
		{38CAD6DC-0A17-4AEC-A2D4-04C981A9C2B3}.Debug|Any CPU.ActiveCfg = Debug|Any CPU
		{38CAD6DC-0A17-4AEC-A2D4-04C981A9C2B3}.Debug|Any CPU.Build.0 = Debug|Any CPU
		{38CAD6DC-0A17-4AEC-A2D4-04C981A9C2B3}.Release|Any CPU.ActiveCfg = Release|Any CPU
		{38CAD6DC-0A17-4AEC-A2D4-04C981A9C2B3}.Release|Any CPU.Build.0 = Release|Any CPU
	EndGlobalSection
	GlobalSection(SolutionProperties) = preSolution
		HideSolutionNode = FALSE
	EndGlobalSection
	GlobalSection(ExtensibilityGlobals) = postSolution
		SolutionGuid = {1CDAE0DE-9DBE-4E3F-8E8E-2888BF841E5E}
	EndGlobalSection
EndGlobal
